
Microsoft Visual Studio Solution File, Format Version 12.00
# Visual Studio 15
VisualStudioVersion = 15.0.26730.16
MinimumVisualStudioVersion = 10.0.40219.1
Project("{FAE04EC0-301F-11D3-BF4B-00C04F79EFBC}") = "githubdemo5", "githubdemo5\githubdemo5.csproj", "{DD1F1A61-B897-47B1-AE11-25BC966B7EBA}"
EndProject
Global
	GlobalSection(SolutionConfigurationPlatforms) = preSolution
		Debug|Any CPU = Debug|Any CPU
		Release|Any CPU = Release|Any CPU
	EndGlobalSection
	GlobalSection(ProjectConfigurationPlatforms) = postSolution
		{DD1F1A61-B897-47B1-AE11-25BC966B7EBA}.Debug|Any CPU.ActiveCfg = Debug|Any CPU
		{DD1F1A61-B897-47B1-AE11-25BC966B7EBA}.Debug|Any CPU.Build.0 = Debug|Any CPU
		{DD1F1A61-B897-47B1-AE11-25BC966B7EBA}.Release|Any CPU.ActiveCfg = Release|Any CPU
		{DD1F1A61-B897-47B1-AE11-25BC966B7EBA}.Release|Any CPU.Build.0 = Release|Any CPU
	EndGlobalSection
	GlobalSection(SolutionProperties) = preSolution
		HideSolutionNode = FALSE
	EndGlobalSection
	GlobalSection(ExtensibilityGlobals) = postSolution
		SolutionGuid = {7197FCAE-2E87-410D-8451-95742D3F4345}
	EndGlobalSection
EndGlobal
